
Microsoft Visual Studio Solution File, Format Version 12.00
# Visual Studio Version 17
VisualStudioVersion = 17.1.32421.90
MinimumVisualStudioVersion = 10.0.40219.1
Project("{FAE04EC0-301F-11D3-BF4B-00C04F79EFBC}") = "simple-blazor", "simple-blazor\simple-blazor.csproj", "{8950944B-5055-4948-AC52-003563371CF9}"
EndProject
Global
	GlobalSection(SolutionConfigurationPlatforms) = preSolution
		Debug|Any CPU = Debug|Any CPU
		Release|Any CPU = Release|Any CPU
	EndGlobalSection
	GlobalSection(ProjectConfigurationPlatforms) = postSolution
		{8950944B-5055-4948-AC52-003563371CF9}.Debug|Any CPU.ActiveCfg = Debug|Any CPU
		{8950944B-5055-4948-AC52-003563371CF9}.Debug|Any CPU.Build.0 = Debug|Any CPU
		{8950944B-5055-4948-AC52-003563371CF9}.Release|Any CPU.ActiveCfg = Release|Any CPU
		{8950944B-5055-4948-AC52-003563371CF9}.Release|Any CPU.Build.0 = Release|Any CPU
	EndGlobalSection
	GlobalSection(SolutionProperties) = preSolution
		HideSolutionNode = FALSE
	EndGlobalSection
	GlobalSection(ExtensibilityGlobals) = postSolution
		SolutionGuid = {FD87E0CC-426F-449F-87F4-4CEFA7A677A5}
	EndGlobalSection
EndGlobal
